hash: 242c9188ccaa2e9a7e0c5fc01546527407efc834cbf231549e8512f51cfd8e4b
updated: 2018-03-09T17:28:52.001499021Z
imports:
- name: cloud.google.com/go
  version: 20d4028b8a750c2aca76bf9fefa8ed2d0109b573
  subpackages:
  - compute/metadata
  - datastore
  - internal
  - internal/atomiccache
  - internal/fields
  - internal/version
- name: github.com/altipla-consulting/collections
  version: dd5d53544f186d0686932b72559b0818ac78d5cc
- name: github.com/golang/protobuf
  version: bbd03ef6da3a115852eaf24c8a1c46aeb39aa175
  subpackages:
  - proto
  - protoc-gen-go/descriptor
  - ptypes
  - ptypes/any
  - ptypes/duration
  - ptypes/struct
  - ptypes/timestamp
  - ptypes/wrappers
- name: github.com/googleapis/gax-go
  version: 317e0006254c44a0ac427cc52a0e083ff0b9622f
- name: github.com/influxdata/influxdb
  version: c75c824c8c65ae1e60896c99dc5a8be2188c1a88
  subpackages:
  - client
  - models
  - pkg/escape
- name: github.com/juju/errors
  version: c7d06af17c68cd34c835053720b21f6549d9b0ee
- name: github.com/julienschmidt/httprouter
  version: 8c199fb6259ffc1af525cc3ad52ee60ba8359669
- name: github.com/sirupsen/logrus
  version: d682213848ed68c0a260ca37d6dd5ace8423f5ba
- name: github.com/stretchr/testify
  version: 12b6f73e6084dad08a7c6e575284b177ecafbc71
- name: go.opencensus.io
  version: 2ecd8d94fb0d89f945d4911143a0d640bce45936
  subpackages:
  - internal
  - internal/tagencoding
  - plugin/ocgrpc
  - stats
  - stats/internal
  - stats/view
  - tag
  - trace
  - trace/propagation
- name: golang.org/x/crypto
  version: c7dcf104e3a7a1417abc0230cb0d5240d764159d
  subpackages:
  - acme
  - acme/autocert
  - ssh/terminal
- name: golang.org/x/net
  version: d0aafc73d5cdc42264b0af071c261abac580695e
  subpackages:
  - context
  - context/ctxhttp
  - http2
  - http2/hpack
  - idna
  - internal/timeseries
  - lex/httplex
  - trace
- name: golang.org/x/oauth2
  version: 2f32c3ac0fa4fb807a0fcefb0b6f2468a0d99bd0
  subpackages:
  - google
  - internal
  - jws
  - jwt
- name: golang.org/x/sys
  version: 7dca6fe1f43775aa6d1334576870ff63f978f539
  subpackages:
  - unix
  - windows
- name: golang.org/x/text
  version: b7ef84aaf62aa3e70962625c80a571ae7c17cb40
  subpackages:
  - secure/bidirule
  - transform
  - unicode/bidi
  - unicode/norm
- name: google.golang.org/api
  version: 7f657476956314fee258816aaf81c0ff65cf8bee
  subpackages:
  - googleapi
  - googleapi/internal/uritemplates
  - internal
  - iterator
  - option
  - transport/grpc
- name: google.golang.org/appengine
  version: 5bee14b453b4c71be47ec1781b0fa61c2ea182db
  subpackages:
  - internal
  - internal/app_identity
  - internal/base
  - internal/datastore
  - internal/log
  - internal/modules
  - internal/remote_api
  - internal/socket
  - internal/urlfetch
  - socket
  - urlfetch
- name: google.golang.org/genproto
  version: df60624c1e9b9d2973e889c7a1cff73155da81c4
  subpackages:
  - googleapis/api/annotations
  - googleapis/datastore/v1
  - googleapis/rpc/status
  - googleapis/type/latlng
- name: google.golang.org/grpc
  version: 90dca43332f6cc944c37e16f32a82c41639e7705
  subpackages:
  - balancer
  - balancer/base
  - balancer/roundrobin
  - codes
  - connectivity
  - credentials
  - credentials/oauth
  - encoding
  - encoding/proto
  - grpclb/grpc_lb_v1/messages
  - grpclog
  - internal
  - keepalive
  - metadata
  - naming
  - peer
  - resolver
  - resolver/dns
  - resolver/passthrough
  - stats
  - status
  - tap
  - transport
- name: gopkg.in/yaml.v2
  version: 7f97868eec74b32b0982dd158a51a446d1da7eb5
testImports: []
